
Microsoft Visual Studio Solution File, Format Version 12.00
# Visual Studio Version 16
VisualStudioVersion = 16.0.29905.134
MinimumVisualStudioVersion = 10.0.40219.1
Project("{FAE04EC0-301F-11D3-BF4B-00C04F79EFBC}") = "Robinhood.Core.Connector", "Robinhood.Core.Connector\Robinhood.Core.Connector.csproj", "{367CC373-3BA0-45EF-80D4-BBD144ABC736}"
EndProject
Global
	GlobalSection(SolutionConfigurationPlatforms) = preSolution
		Debug|Any CPU = Debug|Any CPU
		Release|Any CPU = Release|Any CPU
	EndGlobalSection
	GlobalSection(ProjectConfigurationPlatforms) = postSolution
		{367CC373-3BA0-45EF-80D4-BBD144ABC736}.Debug|Any CPU.ActiveCfg = Debug|Any CPU
		{367CC373-3BA0-45EF-80D4-BBD144ABC736}.Debug|Any CPU.Build.0 = Debug|Any CPU
		{367CC373-3BA0-45EF-80D4-BBD144ABC736}.Release|Any CPU.ActiveCfg = Release|Any CPU
		{367CC373-3BA0-45EF-80D4-BBD144ABC736}.Release|Any CPU.Build.0 = Release|Any CPU
	EndGlobalSection
	GlobalSection(SolutionProperties) = preSolution
		HideSolutionNode = FALSE
	EndGlobalSection
	GlobalSection(ExtensibilityGlobals) = postSolution
		SolutionGuid = {C4398CCB-E210-4C91-A8D9-24876EE5FE7A}
	EndGlobalSection
EndGlobal
